
Microsoft Visual Studio Solution File, Format Version 12.00
# Visual Studio Express 15 for Windows Desktop
VisualStudioVersion = 15.0.27703.2035
MinimumVisualStudioVersion = 10.0.40219.1
Project("{8BC9CEB8-8B4A-11D0-8D11-00A0C91BC942}") = "Q8Parent", "Q8Parent\Q8Parent.vcxproj", "{DA44291E-FFE5-40FE-BAF8-BE9D737D92FA}"
EndProject
Project("{8BC9CEB8-8B4A-11D0-8D11-00A0C91BC942}") = "Q8Child", "Q8Child\Q8Child.vcxproj", "{1026F864-CD90-4F3D-A930-F28477391665}"
EndProject
Global
	GlobalSection(SolutionConfigurationPlatforms) = preSolution
		Debug|x64 = Debug|x64
		Debug|x86 = Debug|x86
		Release|x64 = Release|x64
		Release|x86 = Release|x86
	EndGlobalSection
	GlobalSection(ProjectConfigurationPlatforms) = postSolution
		{DA44291E-FFE5-40FE-BAF8-BE9D737D92FA}.Debug|x64.ActiveCfg = Debug|Win32
		{DA44291E-FFE5-40FE-BAF8-BE9D737D92FA}.Debug|x64.Build.0 = Debug|Win32
		{DA44291E-FFE5-40FE-BAF8-BE9D737D92FA}.Debug|x86.ActiveCfg = Debug|Win32
		{DA44291E-FFE5-40FE-BAF8-BE9D737D92FA}.Debug|x86.Build.0 = Debug|Win32
		{DA44291E-FFE5-40FE-BAF8-BE9D737D92FA}.Release|x64.ActiveCfg = Release|x64
		{DA44291E-FFE5-40FE-BAF8-BE9D737D92FA}.Release|x64.Build.0 = Release|x64
		{DA44291E-FFE5-40FE-BAF8-BE9D737D92FA}.Release|x86.ActiveCfg = Release|Win32
		{DA44291E-FFE5-40FE-BAF8-BE9D737D92FA}.Release|x86.Build.0 = Release|Win32
		{1026F864-CD90-4F3D-A930-F28477391665}.Debug|x64.ActiveCfg = Debug|Win32
		{1026F864-CD90-4F3D-A930-F28477391665}.Debug|x64.Build.0 = Debug|Win32
		{1026F864-CD90-4F3D-A930-F28477391665}.Debug|x86.ActiveCfg = Debug|Win32
		{1026F864-CD90-4F3D-A930-F28477391665}.Debug|x86.Build.0 = Debug|Win32
		{1026F864-CD90-4F3D-A930-F28477391665}.Release|x64.ActiveCfg = Release|x64
		{1026F864-CD90-4F3D-A930-F28477391665}.Release|x64.Build.0 = Release|x64
		{1026F864-CD90-4F3D-A930-F28477391665}.Release|x86.ActiveCfg = Release|Win32
		{1026F864-CD90-4F3D-A930-F28477391665}.Release|x86.Build.0 = Release|Win32
	EndGlobalSection
	GlobalSection(SolutionProperties) = preSolution
		HideSolutionNode = FALSE
	EndGlobalSection
	GlobalSection(ExtensibilityGlobals) = postSolution
		SolutionGuid = {5F886484-EEE1-4F50-AD13-8FD1A2AFC99A}
	EndGlobalSection
EndGlobal
