
Microsoft Visual Studio Solution File, Format Version 12.00
# Visual Studio 15
VisualStudioVersion = 15.0.28010.2016
MinimumVisualStudioVersion = 10.0.40219.1
Project("{8BC9CEB8-8B4A-11D0-8D11-00A0C91BC942}") = "Lab5D", "Lab5DEF\Lab5DEF.vcxproj", "{AB0B94D7-878A-4978-A5F9-65FF27A64A49}"
EndProject
Project("{8BC9CEB8-8B4A-11D0-8D11-00A0C91BC942}") = "Lab5DChild", "Lab5DChild\Lab5DChild.vcxproj", "{7E99A4F6-62A0-4708-A663-42DE468B96E5}"
EndProject
Global
	GlobalSection(SolutionConfigurationPlatforms) = preSolution
		Debug|x64 = Debug|x64
		Debug|x86 = Debug|x86
		Release|x64 = Release|x64
		Release|x86 = Release|x86
	EndGlobalSection
	GlobalSection(ProjectConfigurationPlatforms) = postSolution
		{AB0B94D7-878A-4978-A5F9-65FF27A64A49}.Debug|x64.ActiveCfg = Debug|x64
		{AB0B94D7-878A-4978-A5F9-65FF27A64A49}.Debug|x64.Build.0 = Debug|x64
		{AB0B94D7-878A-4978-A5F9-65FF27A64A49}.Debug|x86.ActiveCfg = Debug|Win32
		{AB0B94D7-878A-4978-A5F9-65FF27A64A49}.Debug|x86.Build.0 = Debug|Win32
		{AB0B94D7-878A-4978-A5F9-65FF27A64A49}.Release|x64.ActiveCfg = Release|x64
		{AB0B94D7-878A-4978-A5F9-65FF27A64A49}.Release|x64.Build.0 = Release|x64
		{AB0B94D7-878A-4978-A5F9-65FF27A64A49}.Release|x86.ActiveCfg = Release|Win32
		{AB0B94D7-878A-4978-A5F9-65FF27A64A49}.Release|x86.Build.0 = Release|Win32
		{7E99A4F6-62A0-4708-A663-42DE468B96E5}.Debug|x64.ActiveCfg = Debug|x64
		{7E99A4F6-62A0-4708-A663-42DE468B96E5}.Debug|x64.Build.0 = Debug|x64
		{7E99A4F6-62A0-4708-A663-42DE468B96E5}.Debug|x86.ActiveCfg = Debug|Win32
		{7E99A4F6-62A0-4708-A663-42DE468B96E5}.Debug|x86.Build.0 = Debug|Win32
		{7E99A4F6-62A0-4708-A663-42DE468B96E5}.Release|x64.ActiveCfg = Release|x64
		{7E99A4F6-62A0-4708-A663-42DE468B96E5}.Release|x64.Build.0 = Release|x64
		{7E99A4F6-62A0-4708-A663-42DE468B96E5}.Release|x86.ActiveCfg = Release|Win32
		{7E99A4F6-62A0-4708-A663-42DE468B96E5}.Release|x86.Build.0 = Release|Win32
	EndGlobalSection
	GlobalSection(SolutionProperties) = preSolution
		HideSolutionNode = FALSE
	EndGlobalSection
	GlobalSection(ExtensibilityGlobals) = postSolution
		SolutionGuid = {3CC2F152-17B5-4262-B4F2-E386E7DE830B}
	EndGlobalSection
EndGlobal
