
Microsoft Visual Studio Solution File, Format Version 12.00
# Visual Studio 15
VisualStudioVersion = 15.0.28010.2016
MinimumVisualStudioVersion = 10.0.40219.1
Project("{8BC9CEB8-8B4A-11D0-8D11-00A0C91BC942}") = "Q1", "Q1.vcxproj", "{07B9B8BD-251F-4E92-9504-B881EDDFDDEB}"
EndProject
Project("{8BC9CEB8-8B4A-11D0-8D11-00A0C91BC942}") = "Q1Child1", "Q1Child1\Q1Child1.vcxproj", "{12A9D74C-C04B-465C-B249-E49C6E6CB71F}"
EndProject
Project("{8BC9CEB8-8B4A-11D0-8D11-00A0C91BC942}") = "Q1Child2", "Q1Child2\Q1Child2.vcxproj", "{1E1ECBF6-0F73-4FB8-94B4-181C4CF497B5}"
EndProject
Project("{8BC9CEB8-8B4A-11D0-8D11-00A0C91BC942}") = "Q1Child3", "Q1child3\q1child3.vcxproj", "{F918F561-7293-464E-A6C6-89995D411B10}"
EndProject
Project("{8BC9CEB8-8B4A-11D0-8D11-00A0C91BC942}") = "Q1Child4", "Q1Child4\Q1Child4.vcxproj", "{8B2E7E1C-354B-456B-98DF-00AF2A722F7B}"
EndProject
Project("{8BC9CEB8-8B4A-11D0-8D11-00A0C91BC942}") = "Q1Child5", "Q1Child5\Q1Child5.vcxproj", "{7F4ABF40-CC2E-4E28-A5FA-3C7A46BBF2E8}"
EndProject
Project("{8BC9CEB8-8B4A-11D0-8D11-00A0C91BC942}") = "PartD", "PartD\PartD.vcxproj", "{756B83AF-51BB-4B28-A3CB-BA2F97F477CA}"
EndProject
Global
	GlobalSection(SolutionConfigurationPlatforms) = preSolution
		Debug|Win32 = Debug|Win32
		Debug|x64 = Debug|x64
		Release|Win32 = Release|Win32
		Release|x64 = Release|x64
	EndGlobalSection
	GlobalSection(ProjectConfigurationPlatforms) = postSolution
		{07B9B8BD-251F-4E92-9504-B881EDDFDDEB}.Debug|Win32.ActiveCfg = Debug|Win32
		{07B9B8BD-251F-4E92-9504-B881EDDFDDEB}.Debug|Win32.Build.0 = Debug|Win32
		{07B9B8BD-251F-4E92-9504-B881EDDFDDEB}.Debug|x64.ActiveCfg = Debug|Win32
		{07B9B8BD-251F-4E92-9504-B881EDDFDDEB}.Release|Win32.ActiveCfg = Release|Win32
		{07B9B8BD-251F-4E92-9504-B881EDDFDDEB}.Release|Win32.Build.0 = Release|Win32
		{07B9B8BD-251F-4E92-9504-B881EDDFDDEB}.Release|x64.ActiveCfg = Release|Win32
		{12A9D74C-C04B-465C-B249-E49C6E6CB71F}.Debug|Win32.ActiveCfg = Debug|Win32
		{12A9D74C-C04B-465C-B249-E49C6E6CB71F}.Debug|Win32.Build.0 = Debug|Win32
		{12A9D74C-C04B-465C-B249-E49C6E6CB71F}.Debug|x64.ActiveCfg = Debug|Win32
		{12A9D74C-C04B-465C-B249-E49C6E6CB71F}.Release|Win32.ActiveCfg = Release|Win32
		{12A9D74C-C04B-465C-B249-E49C6E6CB71F}.Release|Win32.Build.0 = Release|Win32
		{12A9D74C-C04B-465C-B249-E49C6E6CB71F}.Release|x64.ActiveCfg = Release|Win32
		{1E1ECBF6-0F73-4FB8-94B4-181C4CF497B5}.Debug|Win32.ActiveCfg = Debug|Win32
		{1E1ECBF6-0F73-4FB8-94B4-181C4CF497B5}.Debug|Win32.Build.0 = Debug|Win32
		{1E1ECBF6-0F73-4FB8-94B4-181C4CF497B5}.Debug|x64.ActiveCfg = Debug|Win32
		{1E1ECBF6-0F73-4FB8-94B4-181C4CF497B5}.Release|Win32.ActiveCfg = Release|Win32
		{1E1ECBF6-0F73-4FB8-94B4-181C4CF497B5}.Release|Win32.Build.0 = Release|Win32
		{1E1ECBF6-0F73-4FB8-94B4-181C4CF497B5}.Release|x64.ActiveCfg = Release|Win32
		{F918F561-7293-464E-A6C6-89995D411B10}.Debug|Win32.ActiveCfg = Debug|Win32
		{F918F561-7293-464E-A6C6-89995D411B10}.Debug|Win32.Build.0 = Debug|Win32
		{F918F561-7293-464E-A6C6-89995D411B10}.Debug|x64.ActiveCfg = Debug|Win32
		{F918F561-7293-464E-A6C6-89995D411B10}.Release|Win32.ActiveCfg = Release|Win32
		{F918F561-7293-464E-A6C6-89995D411B10}.Release|Win32.Build.0 = Release|Win32
		{F918F561-7293-464E-A6C6-89995D411B10}.Release|x64.ActiveCfg = Release|Win32
		{8B2E7E1C-354B-456B-98DF-00AF2A722F7B}.Debug|Win32.ActiveCfg = Debug|Win32
		{8B2E7E1C-354B-456B-98DF-00AF2A722F7B}.Debug|Win32.Build.0 = Debug|Win32
		{8B2E7E1C-354B-456B-98DF-00AF2A722F7B}.Debug|x64.ActiveCfg = Debug|x64
		{8B2E7E1C-354B-456B-98DF-00AF2A722F7B}.Debug|x64.Build.0 = Debug|x64
		{8B2E7E1C-354B-456B-98DF-00AF2A722F7B}.Release|Win32.ActiveCfg = Release|Win32
		{8B2E7E1C-354B-456B-98DF-00AF2A722F7B}.Release|Win32.Build.0 = Release|Win32
		{8B2E7E1C-354B-456B-98DF-00AF2A722F7B}.Release|x64.ActiveCfg = Release|x64
		{8B2E7E1C-354B-456B-98DF-00AF2A722F7B}.Release|x64.Build.0 = Release|x64
		{7F4ABF40-CC2E-4E28-A5FA-3C7A46BBF2E8}.Debug|Win32.ActiveCfg = Debug|Win32
		{7F4ABF40-CC2E-4E28-A5FA-3C7A46BBF2E8}.Debug|Win32.Build.0 = Debug|Win32
		{7F4ABF40-CC2E-4E28-A5FA-3C7A46BBF2E8}.Debug|x64.ActiveCfg = Debug|x64
		{7F4ABF40-CC2E-4E28-A5FA-3C7A46BBF2E8}.Debug|x64.Build.0 = Debug|x64
		{7F4ABF40-CC2E-4E28-A5FA-3C7A46BBF2E8}.Release|Win32.ActiveCfg = Release|Win32
		{7F4ABF40-CC2E-4E28-A5FA-3C7A46BBF2E8}.Release|Win32.Build.0 = Release|Win32
		{7F4ABF40-CC2E-4E28-A5FA-3C7A46BBF2E8}.Release|x64.ActiveCfg = Release|x64
		{7F4ABF40-CC2E-4E28-A5FA-3C7A46BBF2E8}.Release|x64.Build.0 = Release|x64
		{756B83AF-51BB-4B28-A3CB-BA2F97F477CA}.Debug|Win32.ActiveCfg = Debug|Win32
		{756B83AF-51BB-4B28-A3CB-BA2F97F477CA}.Debug|Win32.Build.0 = Debug|Win32
		{756B83AF-51BB-4B28-A3CB-BA2F97F477CA}.Debug|x64.ActiveCfg = Debug|x64
		{756B83AF-51BB-4B28-A3CB-BA2F97F477CA}.Debug|x64.Build.0 = Debug|x64
		{756B83AF-51BB-4B28-A3CB-BA2F97F477CA}.Release|Win32.ActiveCfg = Release|Win32
		{756B83AF-51BB-4B28-A3CB-BA2F97F477CA}.Release|Win32.Build.0 = Release|Win32
		{756B83AF-51BB-4B28-A3CB-BA2F97F477CA}.Release|x64.ActiveCfg = Release|x64
		{756B83AF-51BB-4B28-A3CB-BA2F97F477CA}.Release|x64.Build.0 = Release|x64
	EndGlobalSection
	GlobalSection(SolutionProperties) = preSolution
		HideSolutionNode = FALSE
	EndGlobalSection
	GlobalSection(ExtensibilityGlobals) = postSolution
		SolutionGuid = {E0DB95F1-8944-4F30-84AE-5D2265226C1A}
	EndGlobalSection
EndGlobal
